
Microsoft Visual Studio Solution File, Format Version 12.00
# Visual Studio Version 17
VisualStudioVersion = 17.5.002.0
MinimumVisualStudioVersion = 10.0.40219.1
Project("{9A19103F-16F7-4668-BE54-9A1E7A4F7556}") = "HomeWork13", "HomeWork13.csproj", "{8B10BCDF-F5F5-45FF-8243-C276BB2859DB}"
EndProject
Global
	GlobalSection(SolutionConfigurationPlatforms) = preSolution
		Debug|Any CPU = Debug|Any CPU
		Release|Any CPU = Release|Any CPU
	EndGlobalSection
	GlobalSection(ProjectConfigurationPlatforms) = postSolution
		{8B10BCDF-F5F5-45FF-8243-C276BB2859DB}.Debug|Any CPU.ActiveCfg = Debug|Any CPU
		{8B10BCDF-F5F5-45FF-8243-C276BB2859DB}.Debug|Any CPU.Build.0 = Debug|Any CPU
		{8B10BCDF-F5F5-45FF-8243-C276BB2859DB}.Release|Any CPU.ActiveCfg = Release|Any CPU
		{8B10BCDF-F5F5-45FF-8243-C276BB2859DB}.Release|Any CPU.Build.0 = Release|Any CPU
	EndGlobalSection
	GlobalSection(SolutionProperties) = preSolution
		HideSolutionNode = FALSE
	EndGlobalSection
	GlobalSection(ExtensibilityGlobals) = postSolution
		SolutionGuid = {16A7E7C5-60D8-4A84-8E75-ED8BDD59EE9E}
	EndGlobalSection
EndGlobal
