
Microsoft Visual Studio Solution File, Format Version 12.00
# Visual Studio Version 17
VisualStudioVersion = 17.5.002.0
MinimumVisualStudioVersion = 10.0.40219.1
Project("{9A19103F-16F7-4668-BE54-9A1E7A4F7556}") = "Soru5", "Soru5.csproj", "{A54B0694-EF7B-42BF-AB97-5246C5DC91A3}"
EndProject
Global
	GlobalSection(SolutionConfigurationPlatforms) = preSolution
		Debug|Any CPU = Debug|Any CPU
		Release|Any CPU = Release|Any CPU
	EndGlobalSection
	GlobalSection(ProjectConfigurationPlatforms) = postSolution
		{A54B0694-EF7B-42BF-AB97-5246C5DC91A3}.Debug|Any CPU.ActiveCfg = Debug|Any CPU
		{A54B0694-EF7B-42BF-AB97-5246C5DC91A3}.Debug|Any CPU.Build.0 = Debug|Any CPU
		{A54B0694-EF7B-42BF-AB97-5246C5DC91A3}.Release|Any CPU.ActiveCfg = Release|Any CPU
		{A54B0694-EF7B-42BF-AB97-5246C5DC91A3}.Release|Any CPU.Build.0 = Release|Any CPU
	EndGlobalSection
	GlobalSection(SolutionProperties) = preSolution
		HideSolutionNode = FALSE
	EndGlobalSection
	GlobalSection(ExtensibilityGlobals) = postSolution
		SolutionGuid = {68495E16-31C0-4DD6-8A96-5017F79D2C7E}
	EndGlobalSection
EndGlobal
