
Microsoft Visual Studio Solution File, Format Version 12.00
# Visual Studio Version 17
VisualStudioVersion = 17.5.002.0
MinimumVisualStudioVersion = 10.0.40219.1
Project("{9A19103F-16F7-4668-BE54-9A1E7A4F7556}") = "Soru3", "Soru3.csproj", "{5C09D284-F62E-46A4-9416-96C7E834991A}"
EndProject
Global
	GlobalSection(SolutionConfigurationPlatforms) = preSolution
		Debug|Any CPU = Debug|Any CPU
		Release|Any CPU = Release|Any CPU
	EndGlobalSection
	GlobalSection(ProjectConfigurationPlatforms) = postSolution
		{5C09D284-F62E-46A4-9416-96C7E834991A}.Debug|Any CPU.ActiveCfg = Debug|Any CPU
		{5C09D284-F62E-46A4-9416-96C7E834991A}.Debug|Any CPU.Build.0 = Debug|Any CPU
		{5C09D284-F62E-46A4-9416-96C7E834991A}.Release|Any CPU.ActiveCfg = Release|Any CPU
		{5C09D284-F62E-46A4-9416-96C7E834991A}.Release|Any CPU.Build.0 = Release|Any CPU
	EndGlobalSection
	GlobalSection(SolutionProperties) = preSolution
		HideSolutionNode = FALSE
	EndGlobalSection
	GlobalSection(ExtensibilityGlobals) = postSolution
		SolutionGuid = {03AE7A4E-0BCB-4B6A-A076-0A6D8272FC92}
	EndGlobalSection
EndGlobal
