
Microsoft Visual Studio Solution File, Format Version 12.00
# Visual Studio Version 17
VisualStudioVersion = 17.5.002.0
MinimumVisualStudioVersion = 10.0.40219.1
Project("{9A19103F-16F7-4668-BE54-9A1E7A4F7556}") = "Soru3", "Soru3.csproj", "{C7579211-8A14-49D7-8A50-D622773FFFA7}"
EndProject
Global
	GlobalSection(SolutionConfigurationPlatforms) = preSolution
		Debug|Any CPU = Debug|Any CPU
		Release|Any CPU = Release|Any CPU
	EndGlobalSection
	GlobalSection(ProjectConfigurationPlatforms) = postSolution
		{C7579211-8A14-49D7-8A50-D622773FFFA7}.Debug|Any CPU.ActiveCfg = Debug|Any CPU
		{C7579211-8A14-49D7-8A50-D622773FFFA7}.Debug|Any CPU.Build.0 = Debug|Any CPU
		{C7579211-8A14-49D7-8A50-D622773FFFA7}.Release|Any CPU.ActiveCfg = Release|Any CPU
		{C7579211-8A14-49D7-8A50-D622773FFFA7}.Release|Any CPU.Build.0 = Release|Any CPU
	EndGlobalSection
	GlobalSection(SolutionProperties) = preSolution
		HideSolutionNode = FALSE
	EndGlobalSection
	GlobalSection(ExtensibilityGlobals) = postSolution
		SolutionGuid = {2815DCB5-B0A7-451A-B6F7-41F69791768A}
	EndGlobalSection
EndGlobal
