
Microsoft Visual Studio Solution File, Format Version 12.00
# Visual Studio Version 17
VisualStudioVersion = 17.5.002.0
MinimumVisualStudioVersion = 10.0.40219.1
Project("{9A19103F-16F7-4668-BE54-9A1E7A4F7556}") = "BlogApp", "BlogApp.csproj", "{565385F4-3491-4B9A-9430-CBD514ECF94A}"
EndProject
Global
	GlobalSection(SolutionConfigurationPlatforms) = preSolution
		Debug|Any CPU = Debug|Any CPU
		Release|Any CPU = Release|Any CPU
	EndGlobalSection
	GlobalSection(ProjectConfigurationPlatforms) = postSolution
		{565385F4-3491-4B9A-9430-CBD514ECF94A}.Debug|Any CPU.ActiveCfg = Debug|Any CPU
		{565385F4-3491-4B9A-9430-CBD514ECF94A}.Debug|Any CPU.Build.0 = Debug|Any CPU
		{565385F4-3491-4B9A-9430-CBD514ECF94A}.Release|Any CPU.ActiveCfg = Release|Any CPU
		{565385F4-3491-4B9A-9430-CBD514ECF94A}.Release|Any CPU.Build.0 = Release|Any CPU
	EndGlobalSection
	GlobalSection(SolutionProperties) = preSolution
		HideSolutionNode = FALSE
	EndGlobalSection
	GlobalSection(ExtensibilityGlobals) = postSolution
		SolutionGuid = {189020D4-BAD6-4FAC-BFB5-B0FA64C45D38}
	EndGlobalSection
EndGlobal
